---
lockfileVersion: 1
lockfileVendor: redhat
arches:
- arch: x86_64
  packages:
  - url: https://buildlogs.centos.org/centos/9-stream/cloud/x86_64/openstack-epoxy/Packages/c/crudini-0.9.3-4.el9s.noarch.rpm
    repoid: delorean-master-testing
    size: 25952
    checksum: sha256:a57276ab88c6807e76ab9fe37d2d19b67a9d9a571093548d6f790397055612f4
    name: crudini
    evr: 0.9.3-4.el9s
    sourcerpm: crudini-0.9.3-4.el9s.src.rpm
  - url: https://buildlogs.centos.org/centos/9-stream/cloud/x86_64/openstack-epoxy/Packages/d/dumb-init-1.2.5-2.el9s.x86_64.rpm
    repoid: delorean-master-testing
    size: 22790
    checksum: sha256:12d58e0acc1a2937612cd834a6453f42268c3c385ece13284bcdbcc06d499470
    name: dumb-init
    evr: 1.2.5-2.el9s
    sourcerpm: dumb-init-1.2.5-2.el9s.src.rpm
  - url: https://buildlogs.centos.org/centos/9-stream/cloud/x86_64/openstack-epoxy/Packages/p/python3-setuptools-65.5.1-2.el9s.noarch.rpm
    repoid: delorean-master-testing
    size: 1265003
    checksum: sha256:ec70c9c9e903ce6c7ac4f9d42f663b8c66257825653e68667c06583a6a115441
    name: python3-setuptools
    evr: 65.5.1-2.el9s
    sourcerpm: python-setuptools-65.5.1-2.el9s.src.rpm
  - url: https://buildlogs.centos.org/centos/9-stream/cloud/x86_64/openstack-epoxy/Packages/p/python3-setuptools-wheel-65.5.1-2.el9s.noarch.rpm
    repoid: delorean-master-testing
    size: 732333
    checksum: sha256:dc29f1d538fbef0f6a808777929188bdc4e95a8e28a2c151bc81c882b644bb94
    name: python3-setuptools-wheel
    evr: 65.5.1-2.el9s
    sourcerpm: python-setuptools-65.5.1-2.el9s.src.rpm
  - url: https://buildlogs.centos.org/centos/9-stream/cloud/x86_64/openstack-epoxy/Packages/p/python3-wheel-0.36.2-2.el9s.noarch.rpm
    repoid: delorean-master-testing
    size: 73147
    checksum: sha256:f4b06d018d950cfc4cf5e7e6109aeb34a2724e1cd5cb585eb374fbb3650d1df9
    name: python3-wheel
    evr: 1:0.36.2-2.el9s
    sourcerpm: python-wheel-0.36.2-2.el9s.src.rpm
  - url: https://mirror.stream.centos.org/9-stream/AppStream/x86_64/os/Packages/gawk-all-langpacks-5.1.0-6.el9.x86_64.rpm
    repoid: appstream
    size: 212232
    checksum: sha256:7736c43321a766b4878d3793f0c78b4e6995f9b8e92801b29ed3c06de02d33cf
    name: gawk-all-langpacks
    evr: 5.1.0-6.el9
    sourcerpm: gawk-5.1.0-6.el9.src.rpm
  - url: https://mirror.stream.centos.org/9-stream/AppStream/x86_64/os/Packages/libxcrypt-compat-4.4.18-3.el9.x86_64.rpm
    repoid: appstream
    size: 91109
    checksum: sha256:3ea916c72412d3a7efd8c70cfa1ed18863c018091001b631390b19c454136b87
    name: libxcrypt-compat
    evr: 4.4.18-3.el9
    sourcerpm: libxcrypt-4.4.18-3.el9.src.rpm
  - url: https://mirror.stream.centos.org/9-stream/AppStream/x86_64/os/Packages/python-unversioned-command-3.9.20-1.el9.noarch.rpm
    repoid: appstream
    size: 10290
    checksum: sha256:c5a7eaf36d44a7aabd6772c3f30aa9620731529294e7b843831301d2655699d9
    name: python-unversioned-command
    evr: 3.9.20-1.el9
    sourcerpm: python3.9-3.9.20-1.el9.src.rpm
  - url: https://mirror.stream.centos.org/9-stream/AppStream/x86_64/os/Packages/python3-pip-21.3.1-1.el9.noarch.rpm
    repoid: appstream
    size: 2129927
    checksum: sha256:5d2a5dd98253940ac7a162f5e8faa09dd64ed9e74fa5a7690cb523ce5f853c0c
    name: python3-pip
    evr: 21.3.1-1.el9
    sourcerpm: python-pip-21.3.1-1.el9.src.rpm
  - url: https://mirror.stream.centos.org/9-stream/BaseOS/x86_64/os/Packages/alternatives-1.24-1.el9.x86_64.rpm
    repoid: baseos
    size: 40277
    checksum: sha256:b58e7ea30c27ecb321d9a279b95b62aef59d92173714fce859bfb359ee231ff3
    name: alternatives
    evr: 1.24-1.el9
    sourcerpm: chkconfig-1.24-1.el9.src.rpm
  - url: https://mirror.stream.centos.org/9-stream/BaseOS/x86_64/os/Packages/audit-libs-3.1.5-1.el9.x86_64.rpm
    repoid: baseos
    size: 124185
    checksum: sha256:e1998c3847956ad86d846f8b857e5382897ef2f444b4a2ef8e82a0cb8b1aa1ad
    name: audit-libs
    evr: 3.1.5-1.el9
    sourcerpm: audit-3.1.5-1.el9.src.rpm
  - url: https://mirror.stream.centos.org/9-stream/BaseOS/x86_64/os/Packages/basesystem-11-13.el9.noarch.rpm
    repoid: baseos
    size: 4025
    checksum: sha256:a7a687ef39dd28d01d34fab18ea7e3e87f649f6c202dded82260b7ea625b9973
    name: basesystem
    evr: 11-13.el9
    sourcerpm: basesystem-11-13.el9.src.rpm
  - url: https://mirror.stream.centos.org/9-stream/BaseOS/x86_64/os/Packages/bash-5.1.8-9.el9.x86_64.rpm
    repoid: baseos
    size: 1765294
    checksum: sha256:823859a9e8fad83004fa0d9f698ff223f6f7d38fd8e7629509d98b5ba6764c03
    name: bash
    evr: 5.1.8-9.el9
    sourcerpm: bash-5.1.8-9.el9.src.rpm
  - url: https://mirror.stream.centos.org/9-stream/BaseOS/x86_64/os/Packages/bzip2-libs-1.0.8-9.el9.x86_64.rpm
    repoid: baseos
    size: 40809
    checksum: sha256:9a16a6163b4819dd56936bccf9ddb870934d5dd037124cd6be65d78f5bd94690
    name: bzip2-libs
    evr: 1.0.8-9.el9
    sourcerpm: bzip2-1.0.8-9.el9.src.rpm
  - url: https://mirror.stream.centos.org/9-stream/BaseOS/x86_64/os/Packages/ca-certificates-2024.2.69_v8.0.303-91.4.el9.noarch.rpm
    repoid: baseos
    size: 1042061
    checksum: sha256:d18c1b9763c22dc93da804f96ad3d92b3157195c9eff6e923c33e9011df3e246
    name: ca-certificates
    evr: 2024.2.69_v8.0.303-91.4.el9
    sourcerpm: ca-certificates-2024.2.69_v8.0.303-91.4.el9.src.rpm
  - url: https://mirror.stream.centos.org/9-stream/BaseOS/x86_64/os/Packages/centos-gpg-keys-9.0-26.el9.noarch.rpm
    repoid: baseos
    size: 13636
    checksum: sha256:8d601d9f96356a200ad6ed8e5cb49bbac4aa3c4b762d10a23e11311daa5711ca
    name: centos-gpg-keys
    evr: 9.0-26.el9
    sourcerpm: centos-stream-release-9.0-26.el9.src.rpm
  - url: https://mirror.stream.centos.org/9-stream/BaseOS/x86_64/os/Packages/centos-stream-release-9.0-26.el9.noarch.rpm
    repoid: baseos
    size: 25345
    checksum: sha256:3d60dc8ed86717f68394fc7468b8024557c43ac2ad97b8e40911d056cd6d64d3
    name: centos-stream-release
    evr: 9.0-26.el9
    sourcerpm: centos-stream-release-9.0-26.el9.src.rpm
  - url: https://mirror.stream.centos.org/9-stream/BaseOS/x86_64/os/Packages/centos-stream-repos-9.0-26.el9.noarch.rpm
    repoid: baseos
    size: 10630
    checksum: sha256:eb3b55a5cf0e1a93a91cd2d39035bd1754b46f69ff3d062b3331e765b2345035
    name: centos-stream-repos
    evr: 9.0-26.el9
    sourcerpm: centos-stream-release-9.0-26.el9.src.rpm
  - url: https://mirror.stream.centos.org/9-stream/BaseOS/x86_64/os/Packages/coreutils-8.32-37.el9.x86_64.rpm
    repoid: baseos
    size: 1241596
    checksum: sha256:030c010f00b4f1b35a5d5d84a1a41babc569f44a2657532829f94e56abc7a737
    name: coreutils
    evr: 8.32-37.el9
    sourcerpm: coreutils-8.32-37.el9.src.rpm
  - url: https://mirror.stream.centos.org/9-stream/BaseOS/x86_64/os/Packages/coreutils-common-8.32-37.el9.x86_64.rpm
    repoid: baseos
    size: 2108377
    checksum: sha256:4e96ff78d555bb3b53ce70258923bf57b7d7b1c7fb766be066b4f89b30835801
    name: coreutils-common
    evr: 8.32-37.el9
    sourcerpm: coreutils-8.32-37.el9.src.rpm
  - url: https://mirror.stream.centos.org/9-stream/BaseOS/x86_64/os/Packages/cracklib-2.9.6-27.el9.x86_64.rpm
    repoid: baseos
    size: 96653
    checksum: sha256:be9deb2efd06b4b2c1c130acae94c687161d04830119e65a989d904ba9fd1864
    name: cracklib
    evr: 2.9.6-27.el9
    sourcerpm: cracklib-2.9.6-27.el9.src.rpm
  - url: https://mirror.stream.centos.org/9-stream/BaseOS/x86_64/os/Packages/cracklib-dicts-2.9.6-27.el9.x86_64.rpm
    repoid: baseos
    size: 3818484
    checksum: sha256:01df2a72fcdf988132e82764ce1a22a5a9513fa253b54e17d23058bdb53c2d85
    name: cracklib-dicts
    evr: 2.9.6-27.el9
    sourcerpm: cracklib-2.9.6-27.el9.src.rpm
  - url: https://mirror.stream.centos.org/9-stream/BaseOS/x86_64/os/Packages/crypto-policies-20240828-2.git626aa59.el9.noarch.rpm
    repoid: baseos
    size: 88015
    checksum: sha256:3479b2aedc8b1bc5d5a0567f7117cf90702012b88fe7956775a4df58a4bcf65c
    name: crypto-policies
    evr: 20240828-2.git626aa59.el9
    sourcerpm: crypto-policies-20240828-2.git626aa59.el9.src.rpm
  - url: https://mirror.stream.centos.org/9-stream/BaseOS/x86_64/os/Packages/cyrus-sasl-lib-2.1.27-21.el9.x86_64.rpm
    repoid: baseos
    size: 787936
    checksum: sha256:fd4292a29759f9531bbc876d1818e7a83ccac76907234002f598671d7b338469
    name: cyrus-sasl-lib
    evr: 2.1.27-21.el9
    sourcerpm: cyrus-sasl-2.1.27-21.el9.src.rpm
  - url: https://mirror.stream.centos.org/9-stream/BaseOS/x86_64/os/Packages/expat-2.5.0-4.el9.x86_64.rpm
    repoid: baseos
    size: 118519
    checksum: sha256:360ed994ea2af5b3a7f37694dfdf2249d97e5e5ec2492c9223a2aec72ff8f480
    name: expat
    evr: 2.5.0-4.el9
    sourcerpm: expat-2.5.0-4.el9.src.rpm
  - url: https://mirror.stream.centos.org/9-stream/BaseOS/x86_64/os/Packages/filesystem-3.16-5.el9.x86_64.rpm
    repoid: baseos
    size: 5034143
    checksum: sha256:da7750fc31248ecc606016391c3f570e1abe7422f812b29a49d830c71884e6dc
    name: filesystem
    evr: 3.16-5.el9
    sourcerpm: filesystem-3.16-5.el9.src.rpm
  - url: https://mirror.stream.centos.org/9-stream/BaseOS/x86_64/os/Packages/gawk-5.1.0-6.el9.x86_64.rpm
    repoid: baseos
    size: 1041393
    checksum: sha256:6e6d77b76b1e89fe6f012cdc16111bea35eb4ceedac5040e5d81b5a066429af8
    name: gawk
    evr: 5.1.0-6.el9
    sourcerpm: gawk-5.1.0-6.el9.src.rpm
  - url: https://mirror.stream.centos.org/9-stream/BaseOS/x86_64/os/Packages/gdbm-libs-1.23-1.el9.x86_64.rpm
    repoid: baseos
    size: 57595
    checksum: sha256:cada66331cc07a4f8a0701fc1ad13c346913a0d6f913e35c0257a68b6a1e6ce0
    name: gdbm-libs
    evr: 1:1.23-1.el9
    sourcerpm: gdbm-1.23-1.el9.src.rpm
  - url: https://mirror.stream.centos.org/9-stream/BaseOS/x86_64/os/Packages/glib2-2.68.4-16.el9.x86_64.rpm
    repoid: baseos
    size: 2773342
    checksum: sha256:793cbb8b6f5885a3b8a501dd5e4c0fe19141c34beeb4410fbc680424ae02ed2d
    name: glib2
    evr: 2.68.4-16.el9
    sourcerpm: glib2-2.68.4-16.el9.src.rpm
  - url: https://mirror.stream.centos.org/9-stream/BaseOS/x86_64/os/Packages/glibc-2.34-140.el9.x86_64.rpm
    repoid: baseos
    size: 2068272
    checksum: sha256:1cda18c8251d182c2c1fcb84edcf2dbca244d273f0545ca565cef4b745ef21b1
    name: glibc
    evr: 2.34-140.el9
    sourcerpm: glibc-2.34-140.el9.src.rpm
  - url: https://mirror.stream.centos.org/9-stream/BaseOS/x86_64/os/Packages/glibc-common-2.34-140.el9.x86_64.rpm
    repoid: baseos
    size: 309798
    checksum: sha256:b52a961176481f95f4c14eace946de8e69cb57b49e491bb45df3f4edac053843
    name: glibc-common
    evr: 2.34-140.el9
    sourcerpm: glibc-2.34-140.el9.src.rpm
  - url: https://mirror.stream.centos.org/9-stream/BaseOS/x86_64/os/Packages/glibc-gconv-extra-2.34-140.el9.x86_64.rpm
    repoid: baseos
    size: 1790179
    checksum: sha256:78cd61fb5f7fa64b25b796a9ec3e5fdb86125dc6a772e53986b26ba843278346
    name: glibc-gconv-extra
    evr: 2.34-140.el9
    sourcerpm: glibc-2.34-140.el9.src.rpm
  - url: https://mirror.stream.centos.org/9-stream/BaseOS/x86_64/os/Packages/glibc-langpack-en-2.34-140.el9.x86_64.rpm
    repoid: baseos
    size: 671687
    checksum: sha256:d04fc2f14a99bc356099a35ed444064c8141f6086d8bece546af8098384cf9eb
    name: glibc-langpack-en
    evr: 2.34-140.el9
    sourcerpm: glibc-2.34-140.el9.src.rpm
  - url: https://mirror.stream.centos.org/9-stream/BaseOS/x86_64/os/Packages/gmp-6.2.0-13.el9.x86_64.rpm
    repoid: baseos
    size: 322966
    checksum: sha256:b6d592895ccc0fcad6106cd41800cd9d68e5384c418e53a2c3ff2ac8c8b15a33
    name: gmp
    evr: 1:6.2.0-13.el9
    sourcerpm: gmp-6.2.0-13.el9.src.rpm
  - url: https://mirror.stream.centos.org/9-stream/BaseOS/x86_64/os/Packages/gnutls-3.8.3-4.el9.x86_64.rpm
    repoid: baseos
    size: 1127329
    checksum: sha256:91e1e46e6f315445e715184237a69f4152359efa1a9ae54cc0524b9616d0741f
    name: gnutls
    evr: 3.8.3-4.el9
    sourcerpm: gnutls-3.8.3-4.el9.src.rpm
  - url: https://mirror.stream.centos.org/9-stream/BaseOS/x86_64/os/Packages/grep-3.6-5.el9.x86_64.rpm
    repoid: baseos
    size: 274984
    checksum: sha256:10a41b66b1fbd6eb055178e22c37199e5b49b4852e77c806f7af7211044a4a55
    name: grep
    evr: 3.6-5.el9
    sourcerpm: grep-3.6-5.el9.src.rpm
  - url: https://mirror.stream.centos.org/9-stream/BaseOS/x86_64/os/Packages/gzip-1.12-1.el9.x86_64.rpm
    repoid: baseos
    size: 166992
    checksum: sha256:e8d7783c666a58ab870246b04eb0ea22965123fe284697d2c0e1e6dbf10ea861
    name: gzip
    evr: 1.12-1.el9
    sourcerpm: gzip-1.12-1.el9.src.rpm
  - url: https://mirror.stream.centos.org/9-stream/BaseOS/x86_64/os/Packages/keyutils-libs-1.6.3-1.el9.x86_64.rpm
    repoid: baseos
    size: 32503
    checksum: sha256:aef982501694486a27411c68698886d76ec70c5cd10bfe619501e7e4c36f50a9
    name: keyutils-libs
    evr: 1.6.3-1.el9
    sourcerpm: keyutils-1.6.3-1.el9.src.rpm
  - url: https://mirror.stream.centos.org/9-stream/BaseOS/x86_64/os/Packages/krb5-libs-1.21.1-4.el9.x86_64.rpm
    repoid: baseos
    size: 785318
    checksum: sha256:cf5acbb17ccf4c77f9283360c29d04cccffa8e18f3fc66a23a12742a2dfdcb73
    name: krb5-libs
    evr: 1.21.1-4.el9
    sourcerpm: krb5-1.21.1-4.el9.src.rpm
  - url: https://mirror.stream.centos.org/9-stream/BaseOS/x86_64/os/Packages/libacl-2.3.1-4.el9.x86_64.rpm
    repoid: baseos
    size: 23556
    checksum: sha256:60a3affaa1c387fd6f72dd65aa7ad619a1830947823abb4b29e7b9fcb4c9d27c
    name: libacl
    evr: 2.3.1-4.el9
    sourcerpm: acl-2.3.1-4.el9.src.rpm
  - url: https://mirror.stream.centos.org/9-stream/BaseOS/x86_64/os/Packages/libattr-2.5.1-3.el9.x86_64.rpm
    repoid: baseos
    size: 19359
    checksum: sha256:d4db095a015e84065f27a642ee7829cd1690041ba8c51501f908cc34760c9409
    name: libattr
    evr: 2.5.1-3.el9
    sourcerpm: attr-2.5.1-3.el9.src.rpm
  - url: https://mirror.stream.centos.org/9-stream/BaseOS/x86_64/os/Packages/libblkid-2.37.4-20.el9.x86_64.rpm
    repoid: baseos
    size: 109842
    checksum: sha256:5fa87671fdc5bb3e4e6c2b8e2253ac8fcf4add8ce44bf216864f952f10cdeeaa
    name: libblkid
    evr: 2.37.4-20.el9
    sourcerpm: util-linux-2.37.4-20.el9.src.rpm
  - url: https://mirror.stream.centos.org/9-stream/BaseOS/x86_64/os/Packages/libcap-2.48-9.el9.x86_64.rpm
    repoid: baseos
    size: 72323
    checksum: sha256:7d07ec8a6a0975d84c66adf21c885c41a5571ecb631055959265c60fda314111
    name: libcap
    evr: 2.48-9.el9
    sourcerpm: libcap-2.48-9.el9.src.rpm
  - url: https://mirror.stream.centos.org/9-stream/BaseOS/x86_64/os/Packages/libcap-ng-0.8.2-7.el9.x86_64.rpm
    repoid: baseos
    size: 33971
    checksum: sha256:62429b788acfb40dbc9da9951690c11e907e230879c790d139f73d0e85dd76f4
    name: libcap-ng
    evr: 0.8.2-7.el9
    sourcerpm: libcap-ng-0.8.2-7.el9.src.rpm
  - url: https://mirror.stream.centos.org/9-stream/BaseOS/x86_64/os/Packages/libcom_err-1.46.5-5.el9.x86_64.rpm
    repoid: baseos
    size: 26954
    checksum: sha256:db2e675293b91b0f9b659cec0cad82c9c1b4af2112b6727e851d98a28ac83ed2
    name: libcom_err
    evr: 1.46.5-5.el9
    sourcerpm: e2fsprogs-1.46.5-5.el9.src.rpm
  - url: https://mirror.stream.centos.org/9-stream/BaseOS/x86_64/os/Packages/libdb-5.3.28-55.el9.x86_64.rpm
    repoid: baseos
    size: 752426
    checksum: sha256:e28608db5eaa3ee38e8bc0d6be1831048da1e638920a6f16a8084e72e2ebf6c9
    name: libdb
    evr: 5.3.28-55.el9
    sourcerpm: libdb-5.3.28-55.el9.src.rpm
  - url: https://mirror.stream.centos.org/9-stream/BaseOS/x86_64/os/Packages/libeconf-0.4.1-4.el9.x86_64.rpm
    repoid: baseos
    size: 27845
    checksum: sha256:ed519cc2e9031e2bf03275b28c7cca6520ae916d0a7edbbc69f327c1b70ed6cc
    name: libeconf
    evr: 0.4.1-4.el9
    sourcerpm: libeconf-0.4.1-4.el9.src.rpm
  - url: https://mirror.stream.centos.org/9-stream/BaseOS/x86_64/os/Packages/libevent-2.1.12-8.el9.x86_64.rpm
    repoid: baseos
    size: 268132
    checksum: sha256:5683f51c9b02d5f4a3324dc6dacb3a84f0c3710cdc46fa7f04df64b60d38a62b
    name: libevent
    evr: 2.1.12-8.el9
    sourcerpm: libevent-2.1.12-8.el9.src.rpm
  - url: https://mirror.stream.centos.org/9-stream/BaseOS/x86_64/os/Packages/libfdisk-2.37.4-20.el9.x86_64.rpm
    repoid: baseos
    size: 157344
    checksum: sha256:d1fcceb55185b4d898c8df3d0b9177126be0144b8829f908f40d2b58d44ad268
    name: libfdisk
    evr: 2.37.4-20.el9
    sourcerpm: util-linux-2.37.4-20.el9.src.rpm
  - url: https://mirror.stream.centos.org/9-stream/BaseOS/x86_64/os/Packages/libffi-3.4.2-8.el9.x86_64.rpm
    repoid: baseos
    size: 38534
    checksum: sha256:110d5008364a65b38b832949970886fdccb97762b0cdb257571cc0c84182d7d0
    name: libffi
    evr: 3.4.2-8.el9
    sourcerpm: libffi-3.4.2-8.el9.src.rpm
  - url: https://mirror.stream.centos.org/9-stream/BaseOS/x86_64/os/Packages/libgcc-11.5.0-2.el9.x86_64.rpm
    repoid: baseos
    size: 90417
    checksum: sha256:ff344c9aaf0ef773230411b64e58d35d372314641b69113229afa6c539aa270a
    name: libgcc
    evr: 11.5.0-2.el9
    sourcerpm: gcc-11.5.0-2.el9.src.rpm
  - url: https://mirror.stream.centos.org/9-stream/BaseOS/x86_64/os/Packages/libgcrypt-1.10.0-11.el9.x86_64.rpm
    repoid: baseos
    size: 519986
    checksum: sha256:0323a74a5ad27bc3dc4ac4e9565825f37dc58b2a4800adbf33f767fa7a267c35
    name: libgcrypt
    evr: 1.10.0-11.el9
    sourcerpm: libgcrypt-1.10.0-11.el9.src.rpm
  - url: https://mirror.stream.centos.org/9-stream/BaseOS/x86_64/os/Packages/libgpg-error-1.42-5.el9.x86_64.rpm
    repoid: baseos
    size: 221523
    checksum: sha256:a1883804c376f737109f4dff06077d1912b90150a732d11be7bc5b3b67e512fe
    name: libgpg-error
    evr: 1.42-5.el9
    sourcerpm: libgpg-error-1.42-5.el9.src.rpm
  - url: https://mirror.stream.centos.org/9-stream/BaseOS/x86_64/os/Packages/libidn2-2.3.0-7.el9.x86_64.rpm
    repoid: baseos
    size: 102935
    checksum: sha256:f7fa1ad2fcd86beea5d4d965994c21dc98f47871faff14f73940190c754ab244
    name: libidn2
    evr: 2.3.0-7.el9
    sourcerpm: libidn2-2.3.0-7.el9.src.rpm
  - url: https://mirror.stream.centos.org/9-stream/BaseOS/x86_64/os/Packages/libmount-2.37.4-20.el9.x86_64.rpm
    repoid: baseos
    size: 137776
    checksum: sha256:f602bea553bf92e512a39af33c3e8ee289dd9584e37d2ca02b69cb51b64dc623
    name: libmount
    evr: 2.37.4-20.el9
    sourcerpm: util-linux-2.37.4-20.el9.src.rpm
  - url: https://mirror.stream.centos.org/9-stream/BaseOS/x86_64/os/Packages/libpwquality-1.4.4-8.el9.x86_64.rpm
    repoid: baseos
    size: 121892
    checksum: sha256:93f00e5efac1e3f1ecbc0d6a4c068772cb12912cd20c9ea58716d6c0cd004886
    name: libpwquality
    evr: 1.4.4-8.el9
    sourcerpm: libpwquality-1.4.4-8.el9.src.rpm
  - url: https://mirror.stream.centos.org/9-stream/BaseOS/x86_64/os/Packages/libselinux-3.6-2.el9.x86_64.rpm
    repoid: baseos
    size: 87910
    checksum: sha256:25730cb1b020298f50c681249479b418edd54fb68732e765012ab90e67b77479
    name: libselinux
    evr: 3.6-2.el9
    sourcerpm: libselinux-3.6-2.el9.src.rpm
  - url: https://mirror.stream.centos.org/9-stream/BaseOS/x86_64/os/Packages/libsemanage-3.6-3.el9.x86_64.rpm
    repoid: baseos
    size: 120628
    checksum: sha256:90eb1d419b8de11a092935ff242d51e4b8a2fe26b905ebe9e5cfd838d0c973b3
    name: libsemanage
    evr: 3.6-3.el9
    sourcerpm: libsemanage-3.6-3.el9.src.rpm
  - url: https://mirror.stream.centos.org/9-stream/BaseOS/x86_64/os/Packages/libsepol-3.6-1.el9.x86_64.rpm
    repoid: baseos
    size: 337916
    checksum: sha256:834f9dd59bf8bd0cf5047c672b1d610b722a0981f53c15dd36cc3daffaba0230
    name: libsepol
    evr: 3.6-1.el9
    sourcerpm: libsepol-3.6-1.el9.src.rpm
  - url: https://mirror.stream.centos.org/9-stream/BaseOS/x86_64/os/Packages/libsigsegv-2.13-4.el9.x86_64.rpm
    repoid: baseos
    size: 28122
    checksum: sha256:931bd0ec7050e8c3b37a9bfb489e30af32486a3c77203f1e9113eeceaa3b0a3a
    name: libsigsegv
    evr: 2.13-4.el9
    sourcerpm: libsigsegv-2.13-4.el9.src.rpm
  - url: https://mirror.stream.centos.org/9-stream/BaseOS/x86_64/os/Packages/libsmartcols-2.37.4-20.el9.x86_64.rpm
    repoid: baseos
    size: 64241
    checksum: sha256:e51f3a4fac42fe95d4a7fb1128afd99d9cb7cfdb6ab2ec5e68089bbb72af13ca
    name: libsmartcols
    evr: 2.37.4-20.el9
    sourcerpm: util-linux-2.37.4-20.el9.src.rpm
  - url: https://mirror.stream.centos.org/9-stream/BaseOS/x86_64/os/Packages/libtasn1-4.16.0-8.el9.x86_64.rpm
    repoid: baseos
    size: 75950
    checksum: sha256:c8b13c9e1292de474e76ab80f230f86cce2e8f5f53592e168bdcaa604ed1b37d
    name: libtasn1
    evr: 4.16.0-8.el9
    sourcerpm: libtasn1-4.16.0-8.el9.src.rpm
  - url: https://mirror.stream.centos.org/9-stream/BaseOS/x86_64/os/Packages/libunistring-0.9.10-15.el9.x86_64.rpm
    repoid: baseos
    size: 507770
    checksum: sha256:11e736e44265d2d0ca0afa4c11cfe0856553c4124e534fb616e6ab61c9b59e46
    name: libunistring
    evr: 0.9.10-15.el9
    sourcerpm: libunistring-0.9.10-15.el9.src.rpm
  - url: https://mirror.stream.centos.org/9-stream/BaseOS/x86_64/os/Packages/libuser-0.63-15.el9.x86_64.rpm
    repoid: baseos
    size: 423064
    checksum: sha256:3a10a5624fc18364d96c91f05bc7047e49f8084d98ddfc7b020c72669107f36b
    name: libuser
    evr: 0.63-15.el9
    sourcerpm: libuser-0.63-15.el9.src.rpm
  - url: https://mirror.stream.centos.org/9-stream/BaseOS/x86_64/os/Packages/libutempter-1.2.1-6.el9.x86_64.rpm
    repoid: baseos
    size: 27380
    checksum: sha256:fab361a9cba04490fd8b5664049983d1e57ebf7c1080804726ba600708524125
    name: libutempter
    evr: 1.2.1-6.el9
    sourcerpm: libutempter-1.2.1-6.el9.src.rpm
  - url: https://mirror.stream.centos.org/9-stream/BaseOS/x86_64/os/Packages/libuuid-2.37.4-20.el9.x86_64.rpm
    repoid: baseos
    size: 28535
    checksum: sha256:10754bbddc76e88458ae6e9fd7b00cd6e5102c9e493eb2df73372b8f1d88dc1b
    name: libuuid
    evr: 2.37.4-20.el9
    sourcerpm: util-linux-2.37.4-20.el9.src.rpm
  - url: https://mirror.stream.centos.org/9-stream/BaseOS/x86_64/os/Packages/libverto-0.3.2-3.el9.x86_64.rpm
    repoid: baseos
    size: 22270
    checksum: sha256:c55578b84f169c4ed79b2d50ea03fd1817007e35062c9fe7a58e6cad025f3b24
    name: libverto
    evr: 0.3.2-3.el9
    sourcerpm: libverto-0.3.2-3.el9.src.rpm
  - url: https://mirror.stream.centos.org/9-stream/BaseOS/x86_64/os/Packages/libxcrypt-4.4.18-3.el9.x86_64.rpm
    repoid: baseos
    size: 118499
    checksum: sha256:97e88678b420f619a44608fff30062086aa1dd6931ecbd54f21bba005ff1de1a
    name: libxcrypt
    evr: 4.4.18-3.el9
    sourcerpm: libxcrypt-4.4.18-3.el9.src.rpm
  - url: https://mirror.stream.centos.org/9-stream/BaseOS/x86_64/os/Packages/libzstd-1.5.5-1.el9.x86_64.rpm
    repoid: baseos
    size: 302250
    checksum: sha256:3439a7437a4b47ef4b6efbcd8c5862180fb281dd956d70a4ffe3764fd8d997dd
    name: libzstd
    evr: 1.5.5-1.el9
    sourcerpm: zstd-1.5.5-1.el9.src.rpm
  - url: https://mirror.stream.centos.org/9-stream/BaseOS/x86_64/os/Packages/lz4-libs-1.9.3-5.el9.x86_64.rpm
    repoid: baseos
    size: 69282
    checksum: sha256:cba6a63054d070956a182e33269ee245bcfbe87e3e605c27816519db762a66ad
    name: lz4-libs
    evr: 1.9.3-5.el9
    sourcerpm: lz4-1.9.3-5.el9.src.rpm
  - url: https://mirror.stream.centos.org/9-stream/BaseOS/x86_64/os/Packages/mpfr-4.1.0-7.el9.x86_64.rpm
    repoid: baseos
    size: 334201
    checksum: sha256:179760104aa5a31ca463c586d0f21f380ba4d0eed212eee91bd1ca513e5d7a8d
    name: mpfr
    evr: 4.1.0-7.el9
    sourcerpm: mpfr-4.1.0-7.el9.src.rpm
  - url: https://mirror.stream.centos.org/9-stream/BaseOS/x86_64/os/Packages/ncurses-base-6.2-10.20210508.el9.noarch.rpm
    repoid: baseos
    size: 62295
    checksum: sha256:00ba56b28a3a85c3c03387bb7abeca92597c8a5fac7f53d48410ca2a20fd8065
    name: ncurses-base
    evr: 6.2-10.20210508.el9
    sourcerpm: ncurses-6.2-10.20210508.el9.src.rpm
  - url: https://mirror.stream.centos.org/9-stream/BaseOS/x86_64/os/Packages/ncurses-libs-6.2-10.20210508.el9.x86_64.rpm
    repoid: baseos
    size: 329846
    checksum: sha256:f4ead70a508051ed338499b35605b5b2b5bccde19c9e83f7e4b948f171b542ff
    name: ncurses-libs
    evr: 6.2-10.20210508.el9
    sourcerpm: ncurses-6.2-10.20210508.el9.src.rpm
  - url: https://mirror.stream.centos.org/9-stream/BaseOS/x86_64/os/Packages/nettle-3.9.1-1.el9.x86_64.rpm
    repoid: baseos
    size: 573061
    checksum: sha256:ffeeab0a6b0caaf457ad77a64bb1dfac6c1144343f1057de64a89b5ae4b58bf5
    name: nettle
    evr: 3.9.1-1.el9
    sourcerpm: nettle-3.9.1-1.el9.src.rpm
  - url: https://mirror.stream.centos.org/9-stream/BaseOS/x86_64/os/Packages/openldap-2.6.6-3.el9.x86_64.rpm
    repoid: baseos
    size: 288705
    checksum: sha256:da4c54a99c4556ab6c95f91ac0f472e8e96509fd97a59f45e196c0f613a1dbab
    name: openldap
    evr: 2.6.6-3.el9
    sourcerpm: openldap-2.6.6-3.el9.src.rpm
  - url: https://mirror.stream.centos.org/9-stream/BaseOS/x86_64/os/Packages/openssl-3.2.2-6.el9.x86_64.rpm
    repoid: baseos
    size: 1418798
    checksum: sha256:3018c5d2901213b6bdbe62301ef894008ec52b1122e270190eabb62ad282a46a
    name: openssl
    evr: 1:3.2.2-6.el9
    sourcerpm: openssl-3.2.2-6.el9.src.rpm
  - url: https://mirror.stream.centos.org/9-stream/BaseOS/x86_64/os/Packages/openssl-libs-3.2.2-6.el9.x86_64.rpm
    repoid: baseos
    size: 2507818
    checksum: sha256:4a0a29a309f72ba65a2d0b2d4b51637253520f6a0a1bd4640f0a09f7d7555738
    name: openssl-libs
    evr: 1:3.2.2-6.el9
    sourcerpm: openssl-3.2.2-6.el9.src.rpm
  - url: https://mirror.stream.centos.org/9-stream/BaseOS/x86_64/os/Packages/p11-kit-0.25.3-3.el9.x86_64.rpm
    repoid: baseos
    size: 544061
    checksum: sha256:2d02f32cdb62fac32563c70fad44c7252f0173552ccabc58d2b5161207c291a3
    name: p11-kit
    evr: 0.25.3-3.el9
    sourcerpm: p11-kit-0.25.3-3.el9.src.rpm
  - url: https://mirror.stream.centos.org/9-stream/BaseOS/x86_64/os/Packages/p11-kit-trust-0.25.3-3.el9.x86_64.rpm
    repoid: baseos
    size: 145118
    checksum: sha256:f3b18cc69d79899e17d7c7514a4e350bdd6166a37e979fee5dcfbdc7921a02fa
    name: p11-kit-trust
    evr: 0.25.3-3.el9
    sourcerpm: p11-kit-0.25.3-3.el9.src.rpm
  - url: https://mirror.stream.centos.org/9-stream/BaseOS/x86_64/os/Packages/pam-1.5.1-23.el9.x86_64.rpm
    repoid: baseos
    size: 643183
    checksum: sha256:fba392096cbf59204549bca23d4060cdf8aaaa9ce35ade8194c111f519033e10
    name: pam
    evr: 1.5.1-23.el9
    sourcerpm: pam-1.5.1-23.el9.src.rpm
  - url: https://mirror.stream.centos.org/9-stream/BaseOS/x86_64/os/Packages/pcre-8.44-4.el9.x86_64.rpm
    repoid: baseos
    size: 201796
    checksum: sha256:7d6be1d41cb4d0b159a764bfc7c8efecc0353224b46e5286cbbea7092b700690
    name: pcre
    evr: 8.44-4.el9
    sourcerpm: pcre-8.44-4.el9.src.rpm
  - url: https://mirror.stream.centos.org/9-stream/BaseOS/x86_64/os/Packages/pcre2-10.40-6.el9.x86_64.rpm
    repoid: baseos
    size: 239811
    checksum: sha256:bc1012f5417aab8393836d78ac8c5472b1a2d84a2f9fa2b00fff5f8ad3a5ec26
    name: pcre2
    evr: 10.40-6.el9
    sourcerpm: pcre2-10.40-6.el9.src.rpm
  - url: https://mirror.stream.centos.org/9-stream/BaseOS/x86_64/os/Packages/pcre2-syntax-10.40-6.el9.noarch.rpm
    repoid: baseos
    size: 144258
    checksum: sha256:be36a84f6e311a59190664d61a466471391ab01fb77bd1d2348e9a76414aded4
    name: pcre2-syntax
    evr: 10.40-6.el9
    sourcerpm: pcre2-10.40-6.el9.src.rpm
  - url: https://mirror.stream.centos.org/9-stream/BaseOS/x86_64/os/Packages/popt-1.18-8.el9.x86_64.rpm
    repoid: baseos
    size: 66225
    checksum: sha256:d864419035e99f8bb06f5d1c767608ed81f942cb128a98b590c1dbc4afbd54d4
    name: popt
    evr: 1.18-8.el9
    sourcerpm: popt-1.18-8.el9.src.rpm
  - url: https://mirror.stream.centos.org/9-stream/BaseOS/x86_64/os/Packages/procps-ng-3.3.17-14.el9.x86_64.rpm
    repoid: baseos
    size: 357512
    checksum: sha256:e2ab525ae66c31122005fc8e6eb836d7eb3336280e8ccfff2ca98165a11a482b
    name: procps-ng
    evr: 3.3.17-14.el9
    sourcerpm: procps-ng-3.3.17-14.el9.src.rpm
  - url: https://mirror.stream.centos.org/9-stream/BaseOS/x86_64/os/Packages/python3-3.9.20-1.el9.x86_64.rpm
    repoid: baseos
    size: 27533
    checksum: sha256:c953b63b9c98d58dfe03317a19422e7e90520afc959f9b91bfb64a1e02058d9a
    name: python3
    evr: 3.9.20-1.el9
    sourcerpm: python3.9-3.9.20-1.el9.src.rpm
  - url: https://mirror.stream.centos.org/9-stream/BaseOS/x86_64/os/Packages/python3-iniparse-0.4-45.el9.noarch.rpm
    repoid: baseos
    size: 47721
    checksum: sha256:58adb858cd19e953c98745460355993baaaa7741be239e1e865dad5d745d4b65
    name: python3-iniparse
    evr: 0.4-45.el9
    sourcerpm: python-iniparse-0.4-45.el9.src.rpm
  - url: https://mirror.stream.centos.org/9-stream/BaseOS/x86_64/os/Packages/python3-libs-3.9.20-1.el9.x86_64.rpm
    repoid: baseos
    size: 8481396
    checksum: sha256:b0f2d674195e28e3c9b4a116f87ef221edda432ca3a04ab5be70b3062c883c01
    name: python3-libs
    evr: 3.9.20-1.el9
    sourcerpm: python3.9-3.9.20-1.el9.src.rpm
  - url: https://mirror.stream.centos.org/9-stream/BaseOS/x86_64/os/Packages/python3-pip-wheel-21.3.1-1.el9.noarch.rpm
    repoid: baseos
    size: 1192730
    checksum: sha256:1c8096f1dd57c5d6db4d1391cafb15326431923ba139f3119015773a307f80d9
    name: python3-pip-wheel
    evr: 21.3.1-1.el9
    sourcerpm: python-pip-21.3.1-1.el9.src.rpm
  - url: https://mirror.stream.centos.org/9-stream/BaseOS/x86_64/os/Packages/python3-six-1.15.0-9.el9.noarch.rpm
    repoid: baseos
    size: 37775
    checksum: sha256:efecffed29602079a1ea1d41c819271ec705a97a68891b43e1d626b2fa0ea8a1
    name: python3-six
    evr: 1.15.0-9.el9
    sourcerpm: python-six-1.15.0-9.el9.src.rpm
  - url: https://mirror.stream.centos.org/9-stream/BaseOS/x86_64/os/Packages/readline-8.1-4.el9.x86_64.rpm
    repoid: baseos
    size: 216948
    checksum: sha256:49945472925286ad89b0575657b43f9224777e36b442f0c88df67f0b61e26aee
    name: readline
    evr: 8.1-4.el9
    sourcerpm: readline-8.1-4.el9.src.rpm
  - url: https://mirror.stream.centos.org/9-stream/BaseOS/x86_64/os/Packages/sed-4.8-9.el9.x86_64.rpm
    repoid: baseos
    size: 312230
    checksum: sha256:a2c5d9a7f569abb5a592df1c3aaff0441bf827c9d0e2df0ab42b6c443dbc475f
    name: sed
    evr: 4.8-9.el9
    sourcerpm: sed-4.8-9.el9.src.rpm
  - url: https://mirror.stream.centos.org/9-stream/BaseOS/x86_64/os/Packages/setup-2.13.7-10.el9.noarch.rpm
    repoid: baseos
    size: 149667
    checksum: sha256:42a1c5a415c44e3b55551f49595c087e2ba55f0fd9ece8056b791983601b76d2
    name: setup
    evr: 2.13.7-10.el9
    sourcerpm: setup-2.13.7-10.el9.src.rpm
  - url: https://mirror.stream.centos.org/9-stream/BaseOS/x86_64/os/Packages/shadow-utils-4.9-12.el9.x86_64.rpm
    repoid: baseos
    size: 1253708
    checksum: sha256:23f14143a188cf9bf8a0315f930fbeeb0ad34c58357007a52d112c5f8b6029e0
    name: shadow-utils
    evr: 2:4.9-12.el9
    sourcerpm: shadow-utils-4.9-12.el9.src.rpm
  - url: https://mirror.stream.centos.org/9-stream/BaseOS/x86_64/os/Packages/sqlite-libs-3.34.1-7.el9.x86_64.rpm
    repoid: baseos
    size: 634791
    checksum: sha256:eddc9570ff3c2f672034888a57eac371e166671fee8300c3c4976324d502a00f
    name: sqlite-libs
    evr: 3.34.1-7.el9
    sourcerpm: sqlite-3.34.1-7.el9.src.rpm
  - url: https://mirror.stream.centos.org/9-stream/BaseOS/x86_64/os/Packages/sudo-1.9.5p2-10.el9.x86_64.rpm
    repoid: baseos
    size: 1097138
    checksum: sha256:bf96a5bd4d265f66bafff146a93ebc3c189d001fe0f2c9938bb8612b2d67321d
    name: sudo
    evr: 1.9.5p2-10.el9
    sourcerpm: sudo-1.9.5p2-10.el9.src.rpm
  - url: https://mirror.stream.centos.org/9-stream/BaseOS/x86_64/os/Packages/systemd-libs-252-48.el9.x86_64.rpm
    repoid: baseos
    size: 695837
    checksum: sha256:efa67de893a41b571e9aa812e2a5b81329d1d18679d3136cf1076bb23ce7fb3f
    name: systemd-libs
    evr: 252-48.el9
    sourcerpm: systemd-252-48.el9.src.rpm
  - url: https://mirror.stream.centos.org/9-stream/BaseOS/x86_64/os/Packages/tzdata-2024b-2.el9.noarch.rpm
    repoid: baseos
    size: 857122
    checksum: sha256:909bc0b9ad6e9c76a11cb737b8911a7ea4a1e2374c7a4eb39c9f718739c6dfff
    name: tzdata
    evr: 2024b-2.el9
    sourcerpm: tzdata-2024b-2.el9.src.rpm
  - url: https://mirror.stream.centos.org/9-stream/BaseOS/x86_64/os/Packages/util-linux-2.37.4-20.el9.x86_64.rpm
    repoid: baseos
    size: 2392866
    checksum: sha256:5011faf8c26d7402f1f0438687e3393b1d6a64eaa2ac7f30c1dcf472e8635ef5
    name: util-linux
    evr: 2.37.4-20.el9
    sourcerpm: util-linux-2.37.4-20.el9.src.rpm
  - url: https://mirror.stream.centos.org/9-stream/BaseOS/x86_64/os/Packages/util-linux-core-2.37.4-20.el9.x86_64.rpm
    repoid: baseos
    size: 475264
    checksum: sha256:e4df98c254564404ae8750d6105290dedf18593ce53654b66ed9cb170bbfbcc7
    name: util-linux-core
    evr: 2.37.4-20.el9
    sourcerpm: util-linux-2.37.4-20.el9.src.rpm
  - url: https://mirror.stream.centos.org/9-stream/BaseOS/x86_64/os/Packages/util-linux-user-2.37.4-20.el9.x86_64.rpm
    repoid: baseos
    size: 30804
    checksum: sha256:aa013a97dee9eddea3c37aeb3440990404c3a80f27916c5adc2c96991d21b5eb
    name: util-linux-user
    evr: 2.37.4-20.el9
    sourcerpm: util-linux-2.37.4-20.el9.src.rpm
  - url: https://mirror.stream.centos.org/9-stream/BaseOS/x86_64/os/Packages/which-2.21-29.el9.x86_64.rpm
    repoid: baseos
    size: 42269
    checksum: sha256:c69af7b876363091bbeb99b4adfbab743f91da3c45478bb7a055c441e395174d
    name: which
    evr: 2.21-29.el9
    sourcerpm: which-2.21-29.el9.src.rpm
  - url: https://mirror.stream.centos.org/9-stream/BaseOS/x86_64/os/Packages/xz-libs-5.2.5-8.el9.x86_64.rpm
    repoid: baseos
    size: 95008
    checksum: sha256:ff3c88297d75c51a5f8e9d2d69f8ad1eaf8347e20920b4335a3e0fc53269ad28
    name: xz-libs
    evr: 5.2.5-8.el9
    sourcerpm: xz-5.2.5-8.el9.src.rpm
  - url: https://mirror.stream.centos.org/9-stream/BaseOS/x86_64/os/Packages/zlib-1.2.11-41.el9.x86_64.rpm
    repoid: baseos
    size: 93018
    checksum: sha256:370951ea635bc16313f21ac2823ec815147ed1124b74865a34c54e94e4db9602
    name: zlib
    evr: 1.2.11-41.el9
    sourcerpm: zlib-1.2.11-41.el9.src.rpm
  - url: https://mirror.stream.centos.org/SIGs/9-stream/extras/x86_64/extras-common/Packages/c/centos-release-cloud-1-1.el9s.noarch.rpm
    repoid: extras-common
    size: 8051
    checksum: sha256:3703242dba56155785baa79e1931931606dfc7f5b21c30c48f96ca87f9b63d23
    name: centos-release-cloud
    evr: 1-1.el9s
    sourcerpm: centos-release-cloud-1-1.el9s.src.rpm
  source: []
  module_metadata: []
